
Microsoft Visual Studio Solution File, Format Version 12.00
# Visual Studio Version 16
VisualStudioVersion = 16.0.29102.190
MinimumVisualStudioVersion = 10.0.40219.1
Project("{2150E333-8FDC-42A3-9474-1A3956D46DE8}") = "src", "src", "{44E6C8A8-87F9-4D14-B423-A6A70D1BE5FB}"
EndProject
Project("{9A19103F-16F7-4668-BE54-9A1E7A4F7556}") = "Web", "src\Web\Web.csproj", "{3DD57B33-FC38-424E-BCAA-D570FEB6341F}"
EndProject
Project("{9A19103F-16F7-4668-BE54-9A1E7A4F7556}") = "AppCore", "src\AppCore\AppCore.csproj", "{AD9929BF-3321-4DEA-8C5F-80031BE1A448}"
EndProject
Project("{9A19103F-16F7-4668-BE54-9A1E7A4F7556}") = "Infrastructure", "src\Infrastructure\Infrastructure.csproj", "{12D257E3-93C5-4A39-B950-37BB1C33510D}"
EndProject
Project("{9092AA53-FB77-4645-B42D-1CCCA6BD08BD}") = "ClientApp", "src\ClientApp\ClientApp.njsproj", "{F6A44DED-DC8C-4D7C-92E3-A2B2C8883AD6}"
EndProject
Global
	GlobalSection(SolutionConfigurationPlatforms) = preSolution
		Debug|Any CPU = Debug|Any CPU
		Release|Any CPU = Release|Any CPU
	EndGlobalSection
	GlobalSection(ProjectConfigurationPlatforms) = postSolution
		{3DD57B33-FC38-424E-BCAA-D570FEB6341F}.Debug|Any CPU.ActiveCfg = Debug|Any CPU
		{3DD57B33-FC38-424E-BCAA-D570FEB6341F}.Debug|Any CPU.Build.0 = Debug|Any CPU
		{3DD57B33-FC38-424E-BCAA-D570FEB6341F}.Release|Any CPU.ActiveCfg = Release|Any CPU
		{3DD57B33-FC38-424E-BCAA-D570FEB6341F}.Release|Any CPU.Build.0 = Release|Any CPU
		{AD9929BF-3321-4DEA-8C5F-80031BE1A448}.Debug|Any CPU.ActiveCfg = Debug|Any CPU
		{AD9929BF-3321-4DEA-8C5F-80031BE1A448}.Debug|Any CPU.Build.0 = Debug|Any CPU
		{AD9929BF-3321-4DEA-8C5F-80031BE1A448}.Release|Any CPU.ActiveCfg = Release|Any CPU
		{AD9929BF-3321-4DEA-8C5F-80031BE1A448}.Release|Any CPU.Build.0 = Release|Any CPU
		{12D257E3-93C5-4A39-B950-37BB1C33510D}.Debug|Any CPU.ActiveCfg = Debug|Any CPU
		{12D257E3-93C5-4A39-B950-37BB1C33510D}.Debug|Any CPU.Build.0 = Debug|Any CPU
		{12D257E3-93C5-4A39-B950-37BB1C33510D}.Release|Any CPU.ActiveCfg = Release|Any CPU
		{12D257E3-93C5-4A39-B950-37BB1C33510D}.Release|Any CPU.Build.0 = Release|Any CPU
		{F6A44DED-DC8C-4D7C-92E3-A2B2C8883AD6}.Debug|Any CPU.ActiveCfg = Debug|Any CPU
		{F6A44DED-DC8C-4D7C-92E3-A2B2C8883AD6}.Debug|Any CPU.Build.0 = Debug|Any CPU
		{F6A44DED-DC8C-4D7C-92E3-A2B2C8883AD6}.Release|Any CPU.ActiveCfg = Release|Any CPU
		{F6A44DED-DC8C-4D7C-92E3-A2B2C8883AD6}.Release|Any CPU.Build.0 = Release|Any CPU
	EndGlobalSection
	GlobalSection(SolutionProperties) = preSolution
		HideSolutionNode = FALSE
	EndGlobalSection
	GlobalSection(NestedProjects) = preSolution
		{3DD57B33-FC38-424E-BCAA-D570FEB6341F} = {44E6C8A8-87F9-4D14-B423-A6A70D1BE5FB}
		{AD9929BF-3321-4DEA-8C5F-80031BE1A448} = {44E6C8A8-87F9-4D14-B423-A6A70D1BE5FB}
		{12D257E3-93C5-4A39-B950-37BB1C33510D} = {44E6C8A8-87F9-4D14-B423-A6A70D1BE5FB}
		{F6A44DED-DC8C-4D7C-92E3-A2B2C8883AD6} = {44E6C8A8-87F9-4D14-B423-A6A70D1BE5FB}
	EndGlobalSection
	GlobalSection(ExtensibilityGlobals) = postSolution
		SolutionGuid = {905C17EF-0800-4F76-B85F-6EBD228D0474}
	EndGlobalSection
EndGlobal
